
Microsoft Visual Studio Solution File, Format Version 12.00
# Visual Studio 14
VisualStudioVersion = 14.0.24704.0
MinimumVisualStudioVersion = 10.0.40219.1
Project("{FAE04EC0-301F-11D3-BF4B-00C04F79EFBC}") = "SecuritySystemUWP", "SecuritySystemUWP\SecuritySystemUWP.csproj", "{4E560089-56BC-4CE4-9CDE-4BF1FB2DAA08}"
EndProject
Project("{FAE04EC0-301F-11D3-BF4B-00C04F79EFBC}") = "UsbCamera", "usb-camera\UsbCamera\UsbCamera.csproj", "{C00C9943-2BDC-4FE8-B69E-09FC2B272CC2}"
EndProject
Project("{FAE04EC0-301F-11D3-BF4B-00C04F79EFBC}") = "PirSensor", "pir-sensor\PirSensor\PirSensor.csproj", "{45DAC222-16A5-4745-8C94-8C9DC0ABE033}"
EndProject
Project("{8BC9CEB8-8B4A-11D0-8D11-00A0C91BC942}") = "com.microsoft.maker.SecuritySystem", "com.microsoft.maker.SecuritySystem\com.microsoft.maker.SecuritySystem.vcxproj", "{3875DC40-E7C8-49EC-890D-D3FD0E5637F4}"
EndProject
Global
	GlobalSection(SolutionConfigurationPlatforms) = preSolution
		Debug|Any CPU = Debug|Any CPU
		Debug|ARM = Debug|ARM
		Debug|x64 = Debug|x64
		Debug|x86 = Debug|x86
		Release|Any CPU = Release|Any CPU
		Release|ARM = Release|ARM
		Release|x64 = Release|x64
		Release|x86 = Release|x86
	EndGlobalSection
	GlobalSection(ProjectConfigurationPlatforms) = postSolution
		{4E560089-56BC-4CE4-9CDE-4BF1FB2DAA08}.Debug|Any CPU.ActiveCfg = Debug|x86
		{4E560089-56BC-4CE4-9CDE-4BF1FB2DAA08}.Debug|ARM.ActiveCfg = Debug|ARM
		{4E560089-56BC-4CE4-9CDE-4BF1FB2DAA08}.Debug|ARM.Build.0 = Debug|ARM
		{4E560089-56BC-4CE4-9CDE-4BF1FB2DAA08}.Debug|ARM.Deploy.0 = Debug|ARM
		{4E560089-56BC-4CE4-9CDE-4BF1FB2DAA08}.Debug|x64.ActiveCfg = Debug|x64
		{4E560089-56BC-4CE4-9CDE-4BF1FB2DAA08}.Debug|x64.Build.0 = Debug|x64
		{4E560089-56BC-4CE4-9CDE-4BF1FB2DAA08}.Debug|x64.Deploy.0 = Debug|x64
		{4E560089-56BC-4CE4-9CDE-4BF1FB2DAA08}.Debug|x86.ActiveCfg = Debug|x86
		{4E560089-56BC-4CE4-9CDE-4BF1FB2DAA08}.Debug|x86.Build.0 = Debug|x86
		{4E560089-56BC-4CE4-9CDE-4BF1FB2DAA08}.Debug|x86.Deploy.0 = Debug|x86
		{4E560089-56BC-4CE4-9CDE-4BF1FB2DAA08}.Release|Any CPU.ActiveCfg = Release|x86
		{4E560089-56BC-4CE4-9CDE-4BF1FB2DAA08}.Release|ARM.ActiveCfg = Release|ARM
		{4E560089-56BC-4CE4-9CDE-4BF1FB2DAA08}.Release|ARM.Build.0 = Release|ARM
		{4E560089-56BC-4CE4-9CDE-4BF1FB2DAA08}.Release|ARM.Deploy.0 = Release|ARM
		{4E560089-56BC-4CE4-9CDE-4BF1FB2DAA08}.Release|x64.ActiveCfg = Release|x64
		{4E560089-56BC-4CE4-9CDE-4BF1FB2DAA08}.Release|x64.Build.0 = Release|x64
		{4E560089-56BC-4CE4-9CDE-4BF1FB2DAA08}.Release|x64.Deploy.0 = Release|x64
		{4E560089-56BC-4CE4-9CDE-4BF1FB2DAA08}.Release|x86.ActiveCfg = Release|x86
		{4E560089-56BC-4CE4-9CDE-4BF1FB2DAA08}.Release|x86.Build.0 = Release|x86
		{4E560089-56BC-4CE4-9CDE-4BF1FB2DAA08}.Release|x86.Deploy.0 = Release|x86
		{C00C9943-2BDC-4FE8-B69E-09FC2B272CC2}.Debug|Any CPU.ActiveCfg = Debug|Any CPU
		{C00C9943-2BDC-4FE8-B69E-09FC2B272CC2}.Debug|Any CPU.Build.0 = Debug|Any CPU
		{C00C9943-2BDC-4FE8-B69E-09FC2B272CC2}.Debug|ARM.ActiveCfg = Debug|ARM
		{C00C9943-2BDC-4FE8-B69E-09FC2B272CC2}.Debug|ARM.Build.0 = Debug|ARM
		{C00C9943-2BDC-4FE8-B69E-09FC2B272CC2}.Debug|x64.ActiveCfg = Debug|x64
		{C00C9943-2BDC-4FE8-B69E-09FC2B272CC2}.Debug|x64.Build.0 = Debug|x64
		{C00C9943-2BDC-4FE8-B69E-09FC2B272CC2}.Debug|x86.ActiveCfg = Debug|x86
		{C00C9943-2BDC-4FE8-B69E-09FC2B272CC2}.Debug|x86.Build.0 = Debug|x86
		{C00C9943-2BDC-4FE8-B69E-09FC2B272CC2}.Release|Any CPU.ActiveCfg = Release|Any CPU
		{C00C9943-2BDC-4FE8-B69E-09FC2B272CC2}.Release|Any CPU.Build.0 = Release|Any CPU
		{C00C9943-2BDC-4FE8-B69E-09FC2B272CC2}.Release|ARM.ActiveCfg = Release|ARM
		{C00C9943-2BDC-4FE8-B69E-09FC2B272CC2}.Release|ARM.Build.0 = Release|ARM
		{C00C9943-2BDC-4FE8-B69E-09FC2B272CC2}.Release|x64.ActiveCfg = Release|x64
		{C00C9943-2BDC-4FE8-B69E-09FC2B272CC2}.Release|x64.Build.0 = Release|x64
		{C00C9943-2BDC-4FE8-B69E-09FC2B272CC2}.Release|x86.ActiveCfg = Release|x86
		{C00C9943-2BDC-4FE8-B69E-09FC2B272CC2}.Release|x86.Build.0 = Release|x86
		{45DAC222-16A5-4745-8C94-8C9DC0ABE033}.Debug|Any CPU.ActiveCfg = Debug|Any CPU
		{45DAC222-16A5-4745-8C94-8C9DC0ABE033}.Debug|Any CPU.Build.0 = Debug|Any CPU
		{45DAC222-16A5-4745-8C94-8C9DC0ABE033}.Debug|ARM.ActiveCfg = Debug|ARM
		{45DAC222-16A5-4745-8C94-8C9DC0ABE033}.Debug|ARM.Build.0 = Debug|ARM
		{45DAC222-16A5-4745-8C94-8C9DC0ABE033}.Debug|x64.ActiveCfg = Debug|x64
		{45DAC222-16A5-4745-8C94-8C9DC0ABE033}.Debug|x64.Build.0 = Debug|x64
		{45DAC222-16A5-4745-8C94-8C9DC0ABE033}.Debug|x86.ActiveCfg = Debug|x86
		{45DAC222-16A5-4745-8C94-8C9DC0ABE033}.Debug|x86.Build.0 = Debug|x86
		{45DAC222-16A5-4745-8C94-8C9DC0ABE033}.Release|Any CPU.ActiveCfg = Release|Any CPU
		{45DAC222-16A5-4745-8C94-8C9DC0ABE033}.Release|Any CPU.Build.0 = Release|Any CPU
		{45DAC222-16A5-4745-8C94-8C9DC0ABE033}.Release|ARM.ActiveCfg = Release|ARM
		{45DAC222-16A5-4745-8C94-8C9DC0ABE033}.Release|ARM.Build.0 = Release|ARM
		{45DAC222-16A5-4745-8C94-8C9DC0ABE033}.Release|x64.ActiveCfg = Release|x64
		{45DAC222-16A5-4745-8C94-8C9DC0ABE033}.Release|x64.Build.0 = Release|x64
		{45DAC222-16A5-4745-8C94-8C9DC0ABE033}.Release|x86.ActiveCfg = Release|x86
		{45DAC222-16A5-4745-8C94-8C9DC0ABE033}.Release|x86.Build.0 = Release|x86
		{3875DC40-E7C8-49EC-890D-D3FD0E5637F4}.Debug|Any CPU.ActiveCfg = Debug|Win32
		{3875DC40-E7C8-49EC-890D-D3FD0E5637F4}.Debug|ARM.ActiveCfg = Debug|ARM
		{3875DC40-E7C8-49EC-890D-D3FD0E5637F4}.Debug|ARM.Build.0 = Debug|ARM
		{3875DC40-E7C8-49EC-890D-D3FD0E5637F4}.Debug|x64.ActiveCfg = Debug|x64
		{3875DC40-E7C8-49EC-890D-D3FD0E5637F4}.Debug|x64.Build.0 = Debug|x64
		{3875DC40-E7C8-49EC-890D-D3FD0E5637F4}.Debug|x86.ActiveCfg = Debug|Win32
		{3875DC40-E7C8-49EC-890D-D3FD0E5637F4}.Debug|x86.Build.0 = Debug|Win32
		{3875DC40-E7C8-49EC-890D-D3FD0E5637F4}.Release|Any CPU.ActiveCfg = Release|Win32
		{3875DC40-E7C8-49EC-890D-D3FD0E5637F4}.Release|ARM.ActiveCfg = Release|ARM
		{3875DC40-E7C8-49EC-890D-D3FD0E5637F4}.Release|ARM.Build.0 = Release|ARM
		{3875DC40-E7C8-49EC-890D-D3FD0E5637F4}.Release|x64.ActiveCfg = Release|x64
		{3875DC40-E7C8-49EC-890D-D3FD0E5637F4}.Release|x64.Build.0 = Release|x64
		{3875DC40-E7C8-49EC-890D-D3FD0E5637F4}.Release|x86.ActiveCfg = Release|Win32
		{3875DC40-E7C8-49EC-890D-D3FD0E5637F4}.Release|x86.Build.0 = Release|Win32
	EndGlobalSection
	GlobalSection(SolutionProperties) = preSolution
		HideSolutionNode = FALSE
	EndGlobalSection
EndGlobal
